// !$*UTF8*$!
{
	archiveVersion = 1;
	classes = {
	};
	objectVersion = 56;
	objects = {

/* Begin PBXBuildFile section */
		28867A9B2A6FD96E005B63D0 /* AppDelegate.swift in Sources */ = {isa = PBXBuildFile; fileRef = 28867A9A2A6FD96E005B63D0 /* AppDelegate.swift */; };
		28867A9D2A6FD96E005B63D0 /* SceneDelegate.swift in Sources */ = {isa = PBXBuildFile; fileRef = 28867A9C2A6FD96E005B63D0 /* SceneDelegate.swift */; };
		28867A9F2A6FD96E005B63D0 /* ViewController.swift in Sources */ = {isa = PBXBuildFile; fileRef = 28867A9E2A6FD96E005B63D0 /* ViewController.swift */; };
		28867AA22A6FD96E005B63D0 /* Main.storyboard in Resources */ = {isa = PBXBuildFile; fileRef = 28867AA02A6FD96E005B63D0 /* Main.storyboard */; };
		28867AA42A6FD96F005B63D0 /* Assets.xcassets in Resources */ = {isa = PBXBuildFile; fileRef = 28867AA32A6FD96F005B63D0 /* Assets.xcassets */; };
		28867AA72A6FD96F005B63D0 /* LaunchScreen.storyboard in Resources */ = {isa = PBXBuildFile; fileRef = 28867AA52A6FD96F005B63D0 /* LaunchScreen.storyboard */; };
		28867AB22A6FD96F005B63D0 /* demoTests.swift in Sources */ = {isa = PBXBuildFile; fileRef = 28867AB12A6FD96F005B63D0 /* demoTests.swift */; };
		28867ABC2A6FD96F005B63D0 /* demoUITests.swift in Sources */ = {isa = PBXBuildFile; fileRef = 28867ABB2A6FD96F005B63D0 /* demoUITests.swift */; };
		28867ABE2A6FD96F005B63D0 /* demoUITestsLaunchTests.swift in Sources */ = {isa = PBXBuildFile; fileRef = 28867ABD2A6FD96F005B63D0 /* demoUITestsLaunchTests.swift */; };
/* End PBXBuildFile section */

/* Begin PBXContainerItemProxy section */
		28867AAE2A6FD96F005B63D0 /* PBXContainerItemProxy */ = {
			isa = PBXContainerItemProxy;
			containerPortal = 28867A8F2A6FD96E005B63D0 /* Project object */;
			proxyType = 1;
			remoteGlobalIDString = 28867A962A6FD96E005B63D0;
			remoteInfo = demo;
		};
		28867AB82A6FD96F005B63D0 /* PBXContainerItemProxy */ = {
			isa = PBXContainerItemProxy;
			containerPortal = 28867A8F2A6FD96E005B63D0 /* Project object */;
			proxyType = 1;
			remoteGlobalIDString = 28867A962A6FD96E005B63D0;
			remoteInfo = demo;
		};
/* End PBXContainerItemProxy section */

/* Begin PBXFileReference section */
		28867A972A6FD96E005B63D0 /* demo.app */ = {isa = PBXFileReference; explicitFileType = wrapper.application; includeInIndex = 0; path = demo.app; sourceTree = BUILT_PRODUCTS_DIR; };
		28867A9A2A6FD96E005B63D0 /* AppDelegate.swift */ = {isa = PBXFileReference; lastKnownFileType = sourcecode.swift; path = AppDelegate.swift; sourceTree = "<group>"; };
		28867A9C2A6FD96E005B63D0 /* SceneDelegate.swift */ = {isa = PBXFileReference; lastKnownFileType = sourcecode.swift; path = SceneDelegate.swift; sourceTree = "<group>"; };
		28867A9E2A6FD96E005B63D0 /* ViewController.swift */ = {isa = PBXFileReference; lastKnownFileType = sourcecode.swift; path = ViewController.swift; sourceTree = "<group>"; };
		28867AA12A6FD96E005B63D0 /* Base */ = {isa = PBXFileReference; lastKnownFileType = file.storyboard; name = Base; path = Base.lproj/Main.storyboard; sourceTree = "<group>"; };
		28867AA32A6FD96F005B63D0 /* Assets.xcassets */ = {isa = PBXFileReference; lastKnownFileType = folder.assetcatalog; path = Assets.xcassets; sourceTree = "<group>"; };
		28867AA62A6FD96F005B63D0 /* Base */ = {isa = PBXFileReference; lastKnownFileType = file.storyboard; name = Base; path = Base.lproj/LaunchScreen.storyboard; sourceTree = "<group>"; };
		28867AA82A6FD96F005B63D0 /* Info.plist */ = {isa = PBXFileReference; lastKnownFileType = text.plist.xml; path = Info.plist; sourceTree = "<group>"; };
		28867AAD2A6FD96F005B63D0 /* demoTests.xctest */ = {isa = PBXFileReference; explicitFileType = wrapper.cfbundle; includeInIndex = 0; path = demoTests.xctest; sourceTree = BUILT_PRODUCTS_DIR; };
		28867AB12A6FD96F005B63D0 /* demoTests.swift */ = {isa = PBXFileReference; lastKnownFileType = sourcecode.swift; path = demoTests.swift; sourceTree = "<group>"; };
		28867AB72A6FD96F005B63D0 /* demoUITests.xctest */ = {isa = PBXFileReference; explicitFileType = wrapper.cfbundle; includeInIndex = 0; path = demoUITests.xctest; sourceTree = BUILT_PRODUCTS_DIR; };
		28867ABB2A6FD96F005B63D0 /* demoUITests.swift */ = {isa = PBXFileReference; lastKnownFileType = sourcecode.swift; path = demoUITests.swift; sourceTree = "<group>"; };
		28867ABD2A6FD96F005B63D0 /* demoUITestsLaunchTests.swift */ = {isa = PBXFileReference; lastKnownFileType = sourcecode.swift; path = demoUITestsLaunchTests.swift; sourceTree = "<group>"; };
/* End PBXFileReference section */

/* Begin PBXFrameworksBuildPhase section */
		28867A942A6FD96E005B63D0 /* Frameworks */ = {
			isa = PBXFrameworksBuildPhase;
			buildActionMask = 2147483647;
			files = (
			);
			runOnlyForDeploymentPostprocessing = 0;
		};
		28867AAA2A6FD96F005B63D0 /* Frameworks */ = {
			isa = PBXFrameworksBuildPhase;
			buildActionMask = 2147483647;
			files = (
			);
			runOnlyForDeploymentPostprocessing = 0;
		};
		28867AB42A6FD96F005B63D0 /* Frameworks */ = {
			isa = PBXFrameworksBuildPhase;
			buildActionMask = 2147483647;
			files = (
			);
			runOnlyForDeploymentPostprocessing = 0;
		};
/* End PBXFrameworksBuildPhase section */

/* Begin PBXGroup section */
		28867A8E2A6FD96E005B63D0 = {
			isa = PBXGroup;
			children = (
				28867A992A6FD96E005B63D0 /* demo */,
				28867AB02A6FD96F005B63D0 /* demoTests */,
				28867ABA2A6FD96F005B63D0 /* demoUITests */,
				28867A982A6FD96E005B63D0 /* Products */,
			);
			sourceTree = "<group>";
		};
		28867A982A6FD96E005B63D0 /* Products */ = {
			isa = PBXGroup;
			children = (
				28867A972A6FD96E005B63D0 /* demo.app */,
				28867AAD2A6FD96F005B63D0 /* demoTests.xctest */,
				28867AB72A6FD96F005B63D0 /* demoUITests.xctest */,
			);
			name = Products;
			sourceTree = "<group>";
		};
		28867A992A6FD96E005B63D0 /* demo */ = {
			isa = PBXGroup;
			children = (
				28867A9A2A6FD96E005B63D0 /* AppDelegate.swift */,
				28867A9C2A6FD96E005B63D0 /* SceneDelegate.swift */,
				28867A9E2A6FD96E005B63D0 /* ViewController.swift */,
				28867AA02A6FD96E005B63D0 /* Main.storyboard */,
				28867AA32A6FD96F005B63D0 /* Assets.xcassets */,
				28867AA52A6FD96F005B63D0 /* LaunchScreen.storyboard */,
				28867AA82A6FD96F005B63D0 /* Info.plist */,
			);
			path = demo;
			sourceTree = "<group>";
		};
		28867AB02A6FD96F005B63D0 /* demoTests */ = {
			isa = PBXGroup;
			children = (
				28867AB12A6FD96F005B63D0 /* demoTests.swift */,
			);
			path = demoTests;
			sourceTree = "<group>";
		};
		28867ABA2A6FD96F005B63D0 /* demoUITests */ = {
			isa = PBXGroup;
			children = (
				28867ABB2A6FD96F005B63D0 /* demoUITests.swift */,
				28867ABD2A6FD96F005B63D0 /* demoUITestsLaunchTests.swift */,
			);
			path = demoUITests;
			sourceTree = "<group>";
		};
/* End PBXGroup section */

/* Begin PBXNativeTarget section */
		28867A962A6FD96E005B63D0 /* demo */ = {
			isa = PBXNativeTarget;
			buildConfigurationList = 28867AC12A6FD96F005B63D0 /* Build configuration list for PBXNativeTarget "demo" */;
			buildPhases = (
				28867A932A6FD96E005B63D0 /* Sources */,
				28867A942A6FD96E005B63D0 /* Frameworks */,
				28867A952A6FD96E005B63D0 /* Resources */,
			);
			buildRules = (
			);
			dependencies = (
			);
			name = demo;
			productName = demo;
			productReference = 28867A972A6FD96E005B63D0 /* demo.app */;
			productType = "com.apple.product-type.application";
		};
		28867AAC2A6FD96F005B63D0 /* demoTests */ = {
			isa = PBXNativeTarget;
			buildConfigurationList = 28867AC42A6FD96F005B63D0 /* Build configuration list for PBXNativeTarget "demoTests" */;
			buildPhases = (
				28867AA92A6FD96F005B63D0 /* Sources */,
				28867AAA2A6FD96F005B63D0 /* Frameworks */,
				28867AAB2A6FD96F005B63D0 /* Resources */,
			);
			buildRules = (
			);
			dependencies = (
				28867AAF2A6FD96F005B63D0 /* PBXTargetDependency */,
			);
			name = demoTests;
			productName = demoTests;
			productReference = 28867AAD2A6FD96F005B63D0 /* demoTests.xctest */;
			productType = "com.apple.product-type.bundle.unit-test";
		};
		28867AB62A6FD96F005B63D0 /* demoUITests */ = {
			isa = PBXNativeTarget;
			buildConfigurationList = 28867AC72A6FD96F005B63D0 /* Build configuration list for PBXNativeTarget "demoUITests" */;
			buildPhases = (
				28867AB32A6FD96F005B63D0 /* Sources */,
				28867AB42A6FD96F005B63D0 /* Frameworks */,
				28867AB52A6FD96F005B63D0 /* Resources */,
			);
			buildRules = (
			);
			dependencies = (
				28867AB92A6FD96F005B63D0 /* PBXTargetDependency */,
			);
			name = demoUITests;
			productName = demoUITests;
			productReference = 28867AB72A6FD96F005B63D0 /* demoUITests.xctest */;
			productType = "com.apple.product-type.bundle.ui-testing";
		};
/* End PBXNativeTarget section */

/* Begin PBXProject section */
		28867A8F2A6FD96E005B63D0 /* Project object */ = {
			isa = PBXProject;
			attributes = {
				BuildIndependentTargetsInParallel = 1;
				LastSwiftUpdateCheck = 1430;
				LastUpgradeCheck = 1430;
				TargetAttributes = {
					28867A962A6FD96E005B63D0 = {
						CreatedOnToolsVersion = 14.3.1;
					};
					28867AAC2A6FD96F005B63D0 = {
						CreatedOnToolsVersion = 14.3.1;
						TestTargetID = 28867A962A6FD96E005B63D0;
					};
					28867AB62A6FD96F005B63D0 = {
						CreatedOnToolsVersion = 14.3.1;
						TestTargetID = 28867A962A6FD96E005B63D0;
					};
				};
			};
			buildConfigurationList = 28867A922A6FD96E005B63D0 /* Build configuration list for PBXProject "demo" */;
			compatibilityVersion = "Xcode 14.0";
			developmentRegion = en;
			hasScannedForEncodings = 0;
			knownRegions = (
				en,
				Base,
			);
			mainGroup = 28867A8E2A6FD96E005B63D0;
			productRefGroup = 28867A982A6FD96E005B63D0 /* Products */;
			projectDirPath = "";
			projectRoot = "";
			targets = (
				28867A962A6FD96E005B63D0 /* demo */,
				28867AAC2A6FD96F005B63D0 /* demoTests */,
				28867AB62A6FD96F005B63D0 /* demoUITests */,
			);
		};
/* End PBXProject section */

/* Begin PBXResourcesBuildPhase section */
		28867A952A6FD96E005B63D0 /* Resources */ = {
			isa = PBXResourcesBuildPhase;
			buildActionMask = 2147483647;
			files = (
				28867AA72A6FD96F005B63D0 /* LaunchScreen.storyboard in Resources */,
				28867AA42A6FD96F005B63D0 /* Assets.xcassets in Resources */,
				28867AA22A6FD96E005B63D0 /* Main.storyboard in Resources */,
			);
			runOnlyForDeploymentPostprocessing = 0;
		};
		28867AAB2A6FD96F005B63D0 /* Resources */ = {
			isa = PBXResourcesBuildPhase;
			buildActionMask = 2147483647;
			files = (
			);
			runOnlyForDeploymentPostprocessing = 0;
		};
		28867AB52A6FD96F005B63D0 /* Resources */ = {
			isa = PBXResourcesBuildPhase;
			buildActionMask = 2147483647;
			files = (
			);
			runOnlyForDeploymentPostprocessing = 0;
		};
/* End PBXResourcesBuildPhase section */

/* Begin PBXSourcesBuildPhase section */
		28867A932A6FD96E005B63D0 /* Sources */ = {
			isa = PBXSourcesBuildPhase;
			buildActionMask = 2147483647;
			files = (
				28867A9F2A6FD96E005B63D0 /* ViewController.swift in Sources */,
				28867A9B2A6FD96E005B63D0 /* AppDelegate.swift in Sources */,
				28867A9D2A6FD96E005B63D0 /* SceneDelegate.swift in Sources */,
			);
			runOnlyForDeploymentPostprocessing = 0;
		};
		28867AA92A6FD96F005B63D0 /* Sources */ = {
			isa = PBXSourcesBuildPhase;
			buildActionMask = 2147483647;
			files = (
				28867AB22A6FD96F005B63D0 /* demoTests.swift in Sources */,
			);
			runOnlyForDeploymentPostprocessing = 0;
		};
		28867AB32A6FD96F005B63D0 /* Sources */ = {
			isa = PBXSourcesBuildPhase;
			buildActionMask = 2147483647;
			files = (
				28867ABC2A6FD96F005B63D0 /* demoUITests.swift in Sources */,
				28867ABE2A6FD96F005B63D0 /* demoUITestsLaunchTests.swift in Sources */,
			);
			runOnlyForDeploymentPostprocessing = 0;
		};
/* End PBXSourcesBuildPhase section */

/* Begin PBXTargetDependency section */
		28867AAF2A6FD96F005B63D0 /* PBXTargetDependency */ = {
			isa = PBXTargetDependency;
			target = 28867A962A6FD96E005B63D0 /* demo */;
			targetProxy = 28867AAE2A6FD96F005B63D0 /* PBXContainerItemProxy */;
		};
		28867AB92A6FD96F005B63D0 /* PBXTargetDependency */ = {
			isa = PBXTargetDependency;
			target = 28867A962A6FD96E005B63D0 /* demo */;
			targetProxy = 28867AB82A6FD96F005B63D0 /* PBXContainerItemProxy */;
		};
/* End PBXTargetDependency section */

/* Begin PBXVariantGroup section */
		28867AA02A6FD96E005B63D0 /* Main.storyboard */ = {
			isa = PBXVariantGroup;
			children = (
				28867AA12A6FD96E005B63D0 /* Base */,
			);
			name = Main.storyboard;
			sourceTree = "<group>";
		};
		28867AA52A6FD96F005B63D0 /* LaunchScreen.storyboard */ = {
			isa = PBXVariantGroup;
			children = (
				28867AA62A6FD96F005B63D0 /* Base */,
			);
			name = LaunchScreen.storyboard;
			sourceTree = "<group>";
		};
/* End PBXVariantGroup section */

/* Begin XCBuildConfiguration section */
		28867ABF2A6FD96F005B63D0 /* Debug */ = {
			isa = XCBuildConfiguration;
			buildSettings = {
				ALWAYS_SEARCH_USER_PATHS = NO;
				CLANG_ANALYZER_NONNULL = YES;
				CLANG_ANALYZER_NUMBER_OBJECT_CONVERSION = YES_AGGRESSIVE;
				CLANG_CXX_LANGUAGE_STANDARD = "gnu++20";
				CLANG_ENABLE_MODULES = YES;
				CLANG_ENABLE_OBJC_ARC = YES;
				CLANG_ENABLE_OBJC_WEAK = YES;
				CLANG_WARN_BLOCK_CAPTURE_AUTORELEASING = YES;
				CLANG_WARN_BOOL_CONVERSION = YES;
				CLANG_WARN_COMMA = YES;
				CLANG_WARN_CONSTANT_CONVERSION = YES;
				CLANG_WARN_DEPRECATED_OBJC_IMPLEMENTATIONS = YES;
				CLANG_WARN_DIRECT_OBJC_ISA_USAGE = YES_ERROR;
				CLANG_WARN_DOCUMENTATION_COMMENTS = YES;
				CLANG_WARN_EMPTY_BODY = YES;
				CLANG_WARN_ENUM_CONVERSION = YES;
				CLANG_WARN_INFINITE_RECURSION = YES;
				CLANG_WARN_INT_CONVERSION = YES;
				CLANG_WARN_NON_LITERAL_NULL_CONVERSION = YES;
				CLANG_WARN_OBJC_IMPLICIT_RETAIN_SELF = YES;
				CLANG_WARN_OBJC_LITERAL_CONVERSION = YES;
				CLANG_WARN_OBJC_ROOT_CLASS = YES_ERROR;
				CLANG_WARN_QUOTED_INCLUDE_IN_FRAMEWORK_HEADER = YES;
				CLANG_WARN_RANGE_LOOP_ANALYSIS = YES;
				CLANG_WARN_STRICT_PROTOTYPES = YES;
				CLANG_WARN_SUSPICIOUS_MOVE = YES;
				CLANG_WARN_UNGUARDED_AVAILABILITY = YES_AGGRESSIVE;
				CLANG_WARN_UNREACHABLE_CODE = YES;
				CLANG_WARN__DUPLICATE_METHOD_MATCH = YES;
				COPY_PHASE_STRIP = NO;
				DEBUG_INFORMATION_FORMAT = dwarf;
				ENABLE_STRICT_OBJC_MSGSEND = YES;
				ENABLE_TESTABILITY = YES;
				GCC_C_LANGUAGE_STANDARD = gnu11;
				GCC_DYNAMIC_NO_PIC = NO;
				GCC_NO_COMMON_BLOCKS = YES;
				GCC_OPTIMIZATION_LEVEL = 0;
				GCC_PREPROCESSOR_DEFINITIONS = (
					"DEBUG=1",
					"$(inherited)",
				);
				GCC_WARN_64_TO_32_BIT_CONVERSION = YES;
				GCC_WARN_ABOUT_RETURN_TYPE = YES_ERROR;
				GCC_WARN_UNDECLARED_SELECTOR = YES;
				GCC_WARN_UNINITIALIZED_AUTOS = YES_AGGRESSIVE;
				GCC_WARN_UNUSED_FUNCTION = YES;
				GCC_WARN_UNUSED_VARIABLE = YES;
				IPHONEOS_DEPLOYMENT_TARGET = 16.4;
				MTL_ENABLE_DEBUG_INFO = INCLUDE_SOURCE;
				MTL_FAST_MATH = YES;
				ONLY_ACTIVE_ARCH = YES;
				SDKROOT = iphoneos;
				SWIFT_ACTIVE_COMPILATION_CONDITIONS = DEBUG;
				SWIFT_OPTIMIZATION_LEVEL = "-Onone";
			};
			name = Debug;
		};
		28867AC02A6FD96F005B63D0 /* Release */ = {
			isa = XCBuildConfiguration;
			buildSettings = {
				ALWAYS_SEARCH_USER_PATHS = NO;
				CLANG_ANALYZER_NONNULL = YES;
				CLANG_ANALYZER_NUMBER_OBJECT_CONVERSION = YES_AGGRESSIVE;
				CLANG_CXX_LANGUAGE_STANDARD = "gnu++20";
				CLANG_ENABLE_MODULES = YES;
				CLANG_ENABLE_OBJC_ARC = YES;
				CLANG_ENABLE_OBJC_WEAK = YES;
				CLANG_WARN_BLOCK_CAPTURE_AUTORELEASING = YES;
				CLANG_WARN_BOOL_CONVERSION = YES;
				CLANG_WARN_COMMA = YES;
				CLANG_WARN_CONSTANT_CONVERSION = YES;
				CLANG_WARN_DEPRECATED_OBJC_IMPLEMENTATIONS = YES;
				CLANG_WARN_DIRECT_OBJC_ISA_USAGE = YES_ERROR;
				CLANG_WARN_DOCUMENTATION_COMMENTS = YES;
				CLANG_WARN_EMPTY_BODY = YES;
				CLANG_WARN_ENUM_CONVERSION = YES;
				CLANG_WARN_INFINITE_RECURSION = YES;
				CLANG_WARN_INT_CONVERSION = YES;
				CLANG_WARN_NON_LITERAL_NULL_CONVERSION = YES;
				CLANG_WARN_OBJC_IMPLICIT_RETAIN_SELF = YES;
				CLANG_WARN_OBJC_LITERAL_CONVERSION = YES;
				CLANG_WARN_OBJC_ROOT_CLASS = YES_ERROR;
				CLANG_WARN_QUOTED_INCLUDE_IN_FRAMEWORK_HEADER = YES;
				CLANG_WARN_RANGE_LOOP_ANALYSIS = YES;
				CLANG_WARN_STRICT_PROTOTYPES = YES;
				CLANG_WARN_SUSPICIOUS_MOVE = YES;
				CLANG_WARN_UNGUARDED_AVAILABILITY = YES_AGGRESSIVE;
				CLANG_WARN_UNREACHABLE_CODE = YES;
				CLANG_WARN__DUPLICATE_METHOD_MATCH = YES;
				COPY_PHASE_STRIP = NO;
				DEBUG_INFORMATION_FORMAT = "dwarf-with-dsym";
				ENABLE_NS_ASSERTIONS = NO;
				ENABLE_STRICT_OBJC_MSGSEND = YES;
				GCC_C_LANGUAGE_STANDARD = gnu11;
				GCC_NO_COMMON_BLOCKS = YES;
				GCC_WARN_64_TO_32_BIT_CONVERSION = YES;
				GCC_WARN_ABOUT_RETURN_TYPE = YES_ERROR;
				GCC_WARN_UNDECLARED_SELECTOR = YES;
				GCC_WARN_UNINITIALIZED_AUTOS = YES_AGGRESSIVE;
				GCC_WARN_UNUSED_FUNCTION = YES;
				GCC_WARN_UNUSED_VARIABLE = YES;
				IPHONEOS_DEPLOYMENT_TARGET = 16.4;
				MTL_ENABLE_DEBUG_INFO = NO;
				MTL_FAST_MATH = YES;
				SDKROOT = iphoneos;
				SWIFT_COMPILATION_MODE = wholemodule;
				SWIFT_OPTIMIZATION_LEVEL = "-O";
				VALIDATE_PRODUCT = YES;
			};
			name = Release;
		};
		28867AC22A6FD96F005B63D0 /* Debug */ = {
			isa = XCBuildConfiguration;
			buildSettings = {
				ASSETCATALOG_COMPILER_APPICON_NAME = AppIcon;
				ASSETCATALOG_COMPILER_GLOBAL_ACCENT_COLOR_NAME = AccentColor;
				CODE_SIGN_STYLE = Automatic;
				CURRENT_PROJECT_VERSION = 1;
				DEVELOPMENT_TEAM = B7289UDFM4;
				GENERATE_INFOPLIST_FILE = YES;
				INFOPLIST_FILE = demo/Info.plist;
				INFOPLIST_KEY_UIApplicationSupportsIndirectInputEvents = YES;
				INFOPLIST_KEY_UILaunchStoryboardName = LaunchScreen;
				INFOPLIST_KEY_UIMainStoryboardFile = Main;
				INFOPLIST_KEY_UISupportedInterfaceOrientations_iPad = "UIInterfaceOrientationPortrait UIInterfaceOrientationPortraitUpsideDown UIInterfaceOrientationLandscapeLeft UIInterfaceOrientationLandscapeRight";
				INFOPLIST_KEY_UISupportedInterfaceOrientations_iPhone = "UIInterfaceOrientationPortrait UIInterfaceOrientationLandscapeLeft UIInterfaceOrientationLandscapeRight";
				LD_RUNPATH_SEARCH_PATHS = (
					"$(inherited)",
					"@executable_path/Frameworks",
				);
				MARKETING_VERSION = 1.0;
				PRODUCT_BUNDLE_IDENTIFIER = com.hodoan.demo;
				PRODUCT_NAME = "$(TARGET_NAME)";
				SWIFT_EMIT_LOC_STRINGS = YES;
				SWIFT_VERSION = 5.0;
				TARGETED_DEVICE_FAMILY = "1,2";
			};
			name = Debug;
		};
		28867AC32A6FD96F005B63D0 /* Release */ = {
			isa = XCBuildConfiguration;
			buildSettings = {
				ASSETCATALOG_COMPILER_APPICON_NAME = AppIcon;
				ASSETCATALOG_COMPILER_GLOBAL_ACCENT_COLOR_NAME = AccentColor;
				CODE_SIGN_STYLE = Automatic;
				CURRENT_PROJECT_VERSION = 1;
				DEVELOPMENT_TEAM = B7289UDFM4;
				GENERATE_INFOPLIST_FILE = YES;
				INFOPLIST_FILE = demo/Info.plist;
				INFOPLIST_KEY_UIApplicationSupportsIndirectInputEvents = YES;
				INFOPLIST_KEY_UILaunchStoryboardName = LaunchScreen;
				INFOPLIST_KEY_UIMainStoryboardFile = Main;
				INFOPLIST_KEY_UISupportedInterfaceOrientations_iPad = "UIInterfaceOrientationPortrait UIInterfaceOrientationPortraitUpsideDown UIInterfaceOrientationLandscapeLeft UIInterfaceOrientationLandscapeRight";
				INFOPLIST_KEY_UISupportedInterfaceOrientations_iPhone = "UIInterfaceOrientationPortrait UIInterfaceOrientationLandscapeLeft UIInterfaceOrientationLandscapeRight";
				LD_RUNPATH_SEARCH_PATHS = (
					"$(inherited)",
					"@executable_path/Frameworks",
				);
				MARKETING_VERSION = 1.0;
				PRODUCT_BUNDLE_IDENTIFIER = com.hodoan.demo;
				PRODUCT_NAME = "$(TARGET_NAME)";
				SWIFT_EMIT_LOC_STRINGS = YES;
				SWIFT_VERSION = 5.0;
				TARGETED_DEVICE_FAMILY = "1,2";
			};
			name = Release;
		};
		28867AC52A6FD96F005B63D0 /* Debug */ = {
			isa = XCBuildConfiguration;
			buildSettings = {
				ALWAYS_EMBED_SWIFT_STANDARD_LIBRARIES = YES;
				BUNDLE_LOADER = "$(TEST_HOST)";
				CODE_SIGN_STYLE = Automatic;
				CURRENT_PROJECT_VERSION = 1;
				DEVELOPMENT_TEAM = B7289UDFM4;
				GENERATE_INFOPLIST_FILE = YES;
				IPHONEOS_DEPLOYMENT_TARGET = 16.4;
				MARKETING_VERSION = 1.0;
				PRODUCT_BUNDLE_IDENTIFIER = com.hodoan.demoTests;
				PRODUCT_NAME = "$(TARGET_NAME)";
				SWIFT_EMIT_LOC_STRINGS = NO;
				SWIFT_VERSION = 5.0;
				TARGETED_DEVICE_FAMILY = "1,2";
				TEST_HOST = "$(BUILT_PRODUCTS_DIR)/demo.app/$(BUNDLE_EXECUTABLE_FOLDER_PATH)/demo";
			};
			name = Debug;
		};
		28867AC62A6FD96F005B63D0 /* Release */ = {
			isa = XCBuildConfiguration;
			buildSettings = {
				ALWAYS_EMBED_SWIFT_STANDARD_LIBRARIES = YES;
				BUNDLE_LOADER = "$(TEST_HOST)";
				CODE_SIGN_STYLE = Automatic;
				CURRENT_PROJECT_VERSION = 1;
				DEVELOPMENT_TEAM = B7289UDFM4;
				GENERATE_INFOPLIST_FILE = YES;
				IPHONEOS_DEPLOYMENT_TARGET = 16.4;
				MARKETING_VERSION = 1.0;
				PRODUCT_BUNDLE_IDENTIFIER = com.hodoan.demoTests;
				PRODUCT_NAME = "$(TARGET_NAME)";
				SWIFT_EMIT_LOC_STRINGS = NO;
				SWIFT_VERSION = 5.0;
				TARGETED_DEVICE_FAMILY = "1,2";
				TEST_HOST = "$(BUILT_PRODUCTS_DIR)/demo.app/$(BUNDLE_EXECUTABLE_FOLDER_PATH)/demo";
			};
			name = Release;
		};
		28867AC82A6FD96F005B63D0 /* Debug */ = {
			isa = XCBuildConfiguration;
			buildSettings = {
				ALWAYS_EMBED_SWIFT_STANDARD_LIBRARIES = YES;
				CODE_SIGN_STYLE = Automatic;
				CURRENT_PROJECT_VERSION = 1;
				DEVELOPMENT_TEAM = B7289UDFM4;
				GENERATE_INFOPLIST_FILE = YES;
				MARKETING_VERSION = 1.0;
				PRODUCT_BUNDLE_IDENTIFIER = com.hodoan.demoUITests;
				PRODUCT_NAME = "$(TARGET_NAME)";
				SWIFT_EMIT_LOC_STRINGS = NO;
				SWIFT_VERSION = 5.0;
				TARGETED_DEVICE_FAMILY = "1,2";
				TEST_TARGET_NAME = demo;
			};
			name = Debug;
		};
		28867AC92A6FD96F005B63D0 /* Release */ = {
			isa = XCBuildConfiguration;
			buildSettings = {
				ALWAYS_EMBED_SWIFT_STANDARD_LIBRARIES = YES;
				CODE_SIGN_STYLE = Automatic;
				CURRENT_PROJECT_VERSION = 1;
				DEVELOPMENT_TEAM = B7289UDFM4;
				GENERATE_INFOPLIST_FILE = YES;
				MARKETING_VERSION = 1.0;
				PRODUCT_BUNDLE_IDENTIFIER = com.hodoan.demoUITests;
				PRODUCT_NAME = "$(TARGET_NAME)";
				SWIFT_EMIT_LOC_STRINGS = NO;
				SWIFT_VERSION = 5.0;
				TARGETED_DEVICE_FAMILY = "1,2";
				TEST_TARGET_NAME = demo;
			};
			name = Release;
		};
/* End XCBuildConfiguration section */

/* Begin XCConfigurationList section */
		28867A922A6FD96E005B63D0 /* Build configuration list for PBXProject "demo" */ = {
			isa = XCConfigurationList;
			buildConfigurations = (
				28867ABF2A6FD96F005B63D0 /* Debug */,
				28867AC02A6FD96F005B63D0 /* Release */,
			);
			defaultConfigurationIsVisible = 0;
			defaultConfigurationName = Release;
		};
		28867AC12A6FD96F005B63D0 /* Build configuration list for PBXNativeTarget "demo" */ = {
			isa = XCConfigurationList;
			buildConfigurations = (
				28867AC22A6FD96F005B63D0 /* Debug */,
				28867AC32A6FD96F005B63D0 /* Release */,
			);
			defaultConfigurationIsVisible = 0;
			defaultConfigurationName = Release;
		};
		28867AC42A6FD96F005B63D0 /* Build configuration list for PBXNativeTarget "demoTests" */ = {
			isa = XCConfigurationList;
			buildConfigurations = (
				28867AC52A6FD96F005B63D0 /* Debug */,
				28867AC62A6FD96F005B63D0 /* Release */,
			);
			defaultConfigurationIsVisible = 0;
			defaultConfigurationName = Release;
		};
		28867AC72A6FD96F005B63D0 /* Build configuration list for PBXNativeTarget "demoUITests" */ = {
			isa = XCConfigurationList;
			buildConfigurations = (
				28867AC82A6FD96F005B63D0 /* Debug */,
				28867AC92A6FD96F005B63D0 /* Release */,
			);
			defaultConfigurationIsVisible = 0;
			defaultConfigurationName = Release;
		};
/* End XCConfigurationList section */
	};
	rootObject = 28867A8F2A6FD96E005B63D0 /* Project object */;
}
